
Microsoft Visual Studio Solution File, Format Version 12.00
# Visual Studio Version 17
VisualStudioVersion = 17.8.34330.188
MinimumVisualStudioVersion = 10.0.40219.1
Project("{FAE04EC0-301F-11D3-BF4B-00C04F79EFBC}") = "CubeConsole", "CubeConsole.csproj", "{23C064A4-F996-4506-8CE0-43631719821D}"
EndProject
Global
	GlobalSection(SolutionConfigurationPlatforms) = preSolution
		Debug|Any CPU = Debug|Any CPU
		Release|Any CPU = Release|Any CPU
	EndGlobalSection
	GlobalSection(ProjectConfigurationPlatforms) = postSolution
		{23C064A4-F996-4506-8CE0-43631719821D}.Debug|Any CPU.ActiveCfg = Debug|Any CPU
		{23C064A4-F996-4506-8CE0-43631719821D}.Debug|Any CPU.Build.0 = Debug|Any CPU
		{23C064A4-F996-4506-8CE0-43631719821D}.Release|Any CPU.ActiveCfg = Release|Any CPU
		{23C064A4-F996-4506-8CE0-43631719821D}.Release|Any CPU.Build.0 = Release|Any CPU
	EndGlobalSection
	GlobalSection(SolutionProperties) = preSolution
		HideSolutionNode = FALSE
	EndGlobalSection
	GlobalSection(ExtensibilityGlobals) = postSolution
		SolutionGuid = {5FDD82EA-2984-494A-A01C-D5669F97FF75}
	EndGlobalSection
EndGlobal
